
Microsoft Visual Studio Solution File, Format Version 12.00
Project("{FAE04EC0-301F-11D3-BF4B-00C04F79EFBC}") = "JbInspectCodeGeneratedCodeIssue", "JbInspectCodeGeneratedCodeIssue\JbInspectCodeGeneratedCodeIssue.csproj", "{55E2E9C4-3B90-44D8-AAEF-AD889768A188}"
EndProject
Global
	GlobalSection(SolutionConfigurationPlatforms) = preSolution
		Debug|Any CPU = Debug|Any CPU
		Release|Any CPU = Release|Any CPU
	EndGlobalSection
	GlobalSection(ProjectConfigurationPlatforms) = postSolution
		{55E2E9C4-3B90-44D8-AAEF-AD889768A188}.Debug|Any CPU.ActiveCfg = Debug|Any CPU
		{55E2E9C4-3B90-44D8-AAEF-AD889768A188}.Debug|Any CPU.Build.0 = Debug|Any CPU
		{55E2E9C4-3B90-44D8-AAEF-AD889768A188}.Release|Any CPU.ActiveCfg = Release|Any CPU
		{55E2E9C4-3B90-44D8-AAEF-AD889768A188}.Release|Any CPU.Build.0 = Release|Any CPU
	EndGlobalSection
EndGlobal
